
Microsoft Visual Studio Solution File, Format Version 12.00
# Visual Studio Version 17
VisualStudioVersion = 17.6.33801.468
MinimumVisualStudioVersion = 10.0.40219.1
Project("{FAE04EC0-301F-11D3-BF4B-00C04F79EFBC}") = "WebApi", "WebApi\WebApi.csproj", "{603F6504-9021-4E81-BF48-7490B9151D6D}"
EndProject
Project("{2150E333-8FDC-42A3-9474-1A3956D46DE8}") = "DAL", "DAL", "{97B728CF-A73A-4900-A1A8-E2CF01F1E7BE}"
EndProject
Project("{2150E333-8FDC-42A3-9474-1A3956D46DE8}") = "Domain", "Domain", "{947B7204-0345-44D8-B161-D19AEE8FF41F}"
EndProject
Project("{2150E333-8FDC-42A3-9474-1A3956D46DE8}") = "Service", "Service", "{3582C444-51AA-4CC4-8463-C0FE10AD3B63}"
EndProject
Project("{2150E333-8FDC-42A3-9474-1A3956D46DE8}") = "Web", "Web", "{E1E4F444-2D0C-469C-AB5C-86E9DFE62D11}"
EndProject
Project("{FAE04EC0-301F-11D3-BF4B-00C04F79EFBC}") = "WebApi.DTOs", "WebApi.DTOs\WebApi.DTOs.csproj", "{1E5C8D4E-6731-4479-845C-6F5DC850CAF0}"
EndProject
Project("{FAE04EC0-301F-11D3-BF4B-00C04F79EFBC}") = "Services", "Services\Services.csproj", "{2735838D-A83A-4C15-B3EE-D5BF8CDDFBA1}"
EndProject
Project("{FAE04EC0-301F-11D3-BF4B-00C04F79EFBC}") = "Services.Models", "Services.Models\Services.Models.csproj", "{BFD96731-A72F-4EE6-BB16-C59E4CBE7F4A}"
EndProject
Project("{FAE04EC0-301F-11D3-BF4B-00C04F79EFBC}") = "Mappings", "Mappings\Mappings.csproj", "{E6AB7086-91B6-4772-A3F2-6FFF15234398}"
EndProject
Project("{FAE04EC0-301F-11D3-BF4B-00C04F79EFBC}") = "DataCore", "DataCore\DataCore.csproj", "{27261FBE-3232-448D-BFA8-B19D1EACE4A2}"
EndProject
Project("{FAE04EC0-301F-11D3-BF4B-00C04F79EFBC}") = "DataProvider", "DataProvider\DataProvider.csproj", "{B2C91A3E-E4E7-488A-B50E-6B548DA18323}"
EndProject
Global
	GlobalSection(SolutionConfigurationPlatforms) = preSolution
		Debug|Any CPU = Debug|Any CPU
		Release|Any CPU = Release|Any CPU
	EndGlobalSection
	GlobalSection(ProjectConfigurationPlatforms) = postSolution
		{603F6504-9021-4E81-BF48-7490B9151D6D}.Debug|Any CPU.ActiveCfg = Debug|Any CPU
		{603F6504-9021-4E81-BF48-7490B9151D6D}.Debug|Any CPU.Build.0 = Debug|Any CPU
		{603F6504-9021-4E81-BF48-7490B9151D6D}.Release|Any CPU.ActiveCfg = Release|Any CPU
		{603F6504-9021-4E81-BF48-7490B9151D6D}.Release|Any CPU.Build.0 = Release|Any CPU
		{1E5C8D4E-6731-4479-845C-6F5DC850CAF0}.Debug|Any CPU.ActiveCfg = Debug|Any CPU
		{1E5C8D4E-6731-4479-845C-6F5DC850CAF0}.Debug|Any CPU.Build.0 = Debug|Any CPU
		{1E5C8D4E-6731-4479-845C-6F5DC850CAF0}.Release|Any CPU.ActiveCfg = Release|Any CPU
		{1E5C8D4E-6731-4479-845C-6F5DC850CAF0}.Release|Any CPU.Build.0 = Release|Any CPU
		{2735838D-A83A-4C15-B3EE-D5BF8CDDFBA1}.Debug|Any CPU.ActiveCfg = Debug|Any CPU
		{2735838D-A83A-4C15-B3EE-D5BF8CDDFBA1}.Debug|Any CPU.Build.0 = Debug|Any CPU
		{2735838D-A83A-4C15-B3EE-D5BF8CDDFBA1}.Release|Any CPU.ActiveCfg = Release|Any CPU
		{2735838D-A83A-4C15-B3EE-D5BF8CDDFBA1}.Release|Any CPU.Build.0 = Release|Any CPU
		{BFD96731-A72F-4EE6-BB16-C59E4CBE7F4A}.Debug|Any CPU.ActiveCfg = Debug|Any CPU
		{BFD96731-A72F-4EE6-BB16-C59E4CBE7F4A}.Debug|Any CPU.Build.0 = Debug|Any CPU
		{BFD96731-A72F-4EE6-BB16-C59E4CBE7F4A}.Release|Any CPU.ActiveCfg = Release|Any CPU
		{BFD96731-A72F-4EE6-BB16-C59E4CBE7F4A}.Release|Any CPU.Build.0 = Release|Any CPU
		{E6AB7086-91B6-4772-A3F2-6FFF15234398}.Debug|Any CPU.ActiveCfg = Debug|Any CPU
		{E6AB7086-91B6-4772-A3F2-6FFF15234398}.Debug|Any CPU.Build.0 = Debug|Any CPU
		{E6AB7086-91B6-4772-A3F2-6FFF15234398}.Release|Any CPU.ActiveCfg = Release|Any CPU
		{E6AB7086-91B6-4772-A3F2-6FFF15234398}.Release|Any CPU.Build.0 = Release|Any CPU
		{27261FBE-3232-448D-BFA8-B19D1EACE4A2}.Debug|Any CPU.ActiveCfg = Debug|Any CPU
		{27261FBE-3232-448D-BFA8-B19D1EACE4A2}.Debug|Any CPU.Build.0 = Debug|Any CPU
		{27261FBE-3232-448D-BFA8-B19D1EACE4A2}.Release|Any CPU.ActiveCfg = Release|Any CPU
		{27261FBE-3232-448D-BFA8-B19D1EACE4A2}.Release|Any CPU.Build.0 = Release|Any CPU
		{B2C91A3E-E4E7-488A-B50E-6B548DA18323}.Debug|Any CPU.ActiveCfg = Debug|Any CPU
		{B2C91A3E-E4E7-488A-B50E-6B548DA18323}.Debug|Any CPU.Build.0 = Debug|Any CPU
		{B2C91A3E-E4E7-488A-B50E-6B548DA18323}.Release|Any CPU.ActiveCfg = Release|Any CPU
		{B2C91A3E-E4E7-488A-B50E-6B548DA18323}.Release|Any CPU.Build.0 = Release|Any CPU
	EndGlobalSection
	GlobalSection(SolutionProperties) = preSolution
		HideSolutionNode = FALSE
	EndGlobalSection
	GlobalSection(NestedProjects) = preSolution
		{603F6504-9021-4E81-BF48-7490B9151D6D} = {E1E4F444-2D0C-469C-AB5C-86E9DFE62D11}
		{1E5C8D4E-6731-4479-845C-6F5DC850CAF0} = {E1E4F444-2D0C-469C-AB5C-86E9DFE62D11}
		{2735838D-A83A-4C15-B3EE-D5BF8CDDFBA1} = {3582C444-51AA-4CC4-8463-C0FE10AD3B63}
		{BFD96731-A72F-4EE6-BB16-C59E4CBE7F4A} = {3582C444-51AA-4CC4-8463-C0FE10AD3B63}
		{E6AB7086-91B6-4772-A3F2-6FFF15234398} = {3582C444-51AA-4CC4-8463-C0FE10AD3B63}
		{27261FBE-3232-448D-BFA8-B19D1EACE4A2} = {947B7204-0345-44D8-B161-D19AEE8FF41F}
		{B2C91A3E-E4E7-488A-B50E-6B548DA18323} = {97B728CF-A73A-4900-A1A8-E2CF01F1E7BE}
	EndGlobalSection
	GlobalSection(ExtensibilityGlobals) = postSolution
		SolutionGuid = {10580C8A-40D5-4ADD-84BA-B85D2CFFA570}
	EndGlobalSection
EndGlobal
